
Microsoft Visual Studio Solution File, Format Version 12.00
# Visual Studio Version 16
VisualStudioVersion = 25.0.1700.5
MinimumVisualStudioVersion = 10.0.40219.1
Project("{FAE04EC0-301F-11D3-BF4B-00C04F79EFBC}") = "HERANCA", "HERANCA\HERANCA.csproj", "{A471EA10-55C5-40E1-BE84-C7FAEFCE991A}"
EndProject
Global
	GlobalSection(SolutionConfigurationPlatforms) = preSolution
		Debug|Any CPU = Debug|Any CPU
		Release|Any CPU = Release|Any CPU
	EndGlobalSection
	GlobalSection(ProjectConfigurationPlatforms) = postSolution
		{A471EA10-55C5-40E1-BE84-C7FAEFCE991A}.Debug|Any CPU.ActiveCfg = Debug|Any CPU
		{A471EA10-55C5-40E1-BE84-C7FAEFCE991A}.Debug|Any CPU.Build.0 = Debug|Any CPU
		{A471EA10-55C5-40E1-BE84-C7FAEFCE991A}.Release|Any CPU.ActiveCfg = Release|Any CPU
		{A471EA10-55C5-40E1-BE84-C7FAEFCE991A}.Release|Any CPU.Build.0 = Release|Any CPU
	EndGlobalSection
	GlobalSection(SolutionProperties) = preSolution
		HideSolutionNode = FALSE
	EndGlobalSection
	GlobalSection(ExtensibilityGlobals) = postSolution
		SolutionGuid = {40D25F84-26A2-4FB6-ABB8-2AAAE85997A9}
	EndGlobalSection
EndGlobal
